
Microsoft Visual Studio Solution File, Format Version 12.00
# Visual Studio Version 17
VisualStudioVersion = 17.5.33424.131
MinimumVisualStudioVersion = 10.0.40219.1
Project("{9A19103F-16F7-4668-BE54-9A1E7A4F7556}") = "ISManagement", "ISManagement\ISManagement.csproj", "{442FB6C4-F119-4E68-A935-DD35BD3EAF4A}"
EndProject
Project("{FAE04EC0-301F-11D3-BF4B-00C04F79EFBC}") = "ISManagementDomain", "ISManagementDomain\ISManagementDomain.csproj", "{8209E683-F420-4503-8538-B0B2046545B3}"
EndProject
Global
	GlobalSection(SolutionConfigurationPlatforms) = preSolution
		Debug|Any CPU = Debug|Any CPU
		Release|Any CPU = Release|Any CPU
	EndGlobalSection
	GlobalSection(ProjectConfigurationPlatforms) = postSolution
		{442FB6C4-F119-4E68-A935-DD35BD3EAF4A}.Debug|Any CPU.ActiveCfg = Debug|Any CPU
		{442FB6C4-F119-4E68-A935-DD35BD3EAF4A}.Debug|Any CPU.Build.0 = Debug|Any CPU
		{442FB6C4-F119-4E68-A935-DD35BD3EAF4A}.Release|Any CPU.ActiveCfg = Release|Any CPU
		{442FB6C4-F119-4E68-A935-DD35BD3EAF4A}.Release|Any CPU.Build.0 = Release|Any CPU
		{8209E683-F420-4503-8538-B0B2046545B3}.Debug|Any CPU.ActiveCfg = Debug|Any CPU
		{8209E683-F420-4503-8538-B0B2046545B3}.Debug|Any CPU.Build.0 = Debug|Any CPU
		{8209E683-F420-4503-8538-B0B2046545B3}.Release|Any CPU.ActiveCfg = Release|Any CPU
		{8209E683-F420-4503-8538-B0B2046545B3}.Release|Any CPU.Build.0 = Release|Any CPU
	EndGlobalSection
	GlobalSection(SolutionProperties) = preSolution
		HideSolutionNode = FALSE
	EndGlobalSection
	GlobalSection(ExtensibilityGlobals) = postSolution
		SolutionGuid = {72876E25-F6CB-4265-AF8E-A357DB7E9E48}
	EndGlobalSection
EndGlobal
